
Microsoft Visual Studio Solution File, Format Version 12.00
# Visual Studio Version 17
VisualStudioVersion = 17.4.33205.214
MinimumVisualStudioVersion = 10.0.40219.1
Project("{9A19103F-16F7-4668-BE54-9A1E7A4F7556}") = "WebApplication2", "WebApplication2\WebApplication2.csproj", "{0143BEF8-10AA-4500-91F9-C2C78A25D594}"
EndProject
Project("{FAE04EC0-301F-11D3-BF4B-00C04F79EFBC}") = "TestProject1", "TestProject1\TestProject1.csproj", "{6EE2D6DC-27C8-4B2A-94E2-2B27C4F641C9}"
EndProject
Global
	GlobalSection(SolutionConfigurationPlatforms) = preSolution
		Debug|Any CPU = Debug|Any CPU
		Release|Any CPU = Release|Any CPU
	EndGlobalSection
	GlobalSection(ProjectConfigurationPlatforms) = postSolution
		{0143BEF8-10AA-4500-91F9-C2C78A25D594}.Debug|Any CPU.ActiveCfg = Debug|Any CPU
		{0143BEF8-10AA-4500-91F9-C2C78A25D594}.Debug|Any CPU.Build.0 = Debug|Any CPU
		{0143BEF8-10AA-4500-91F9-C2C78A25D594}.Release|Any CPU.ActiveCfg = Release|Any CPU
		{0143BEF8-10AA-4500-91F9-C2C78A25D594}.Release|Any CPU.Build.0 = Release|Any CPU
		{6EE2D6DC-27C8-4B2A-94E2-2B27C4F641C9}.Debug|Any CPU.ActiveCfg = Debug|Any CPU
		{6EE2D6DC-27C8-4B2A-94E2-2B27C4F641C9}.Debug|Any CPU.Build.0 = Debug|Any CPU
		{6EE2D6DC-27C8-4B2A-94E2-2B27C4F641C9}.Release|Any CPU.ActiveCfg = Release|Any CPU
		{6EE2D6DC-27C8-4B2A-94E2-2B27C4F641C9}.Release|Any CPU.Build.0 = Release|Any CPU
	EndGlobalSection
	GlobalSection(SolutionProperties) = preSolution
		HideSolutionNode = FALSE
	EndGlobalSection
	GlobalSection(ExtensibilityGlobals) = postSolution
		SolutionGuid = {8C7C9C0C-44DB-4F80-B879-ADCB99D44CD0}
	EndGlobalSection
EndGlobal
